hash: eca7ff71d45fff5423d3533c88dc4f0b80f214a72f8779d73c9d8b2e40f58b0a
updated: 2019-12-10T22:07:05.870347+07:00
imports:
- name: github.com/chromedp/chromedp
  version: d883c831d26722801555accfd4db6920934ff7a9
- name: github.com/lxn/win
  version: 2da648fda5b433b3d074415cf2c1b05038194fa0
- name: github.com/sciter-sdk/go-sciter
  version: 25d8ed42e0bb4c4acb742de9f148f6902d32ff41
  subpackages:
  - window
- name: github.com/yuin/gopher-lua
  version: c6266f4fe8d7b31ec96fe7cb758e695d829a9977
- name: golang.org/x/sys
  version: ac6580df4449443a05718fd7858c1f91ad5f8d20
  subpackages:
  - windows
testImports: []
